
Microsoft Visual Studio Solution File, Format Version 12.00
# Visual Studio 14
VisualStudioVersion = 14.0.24720.0
MinimumVisualStudioVersion = 10.0.40219.1
Project("{FAE04EC0-301F-11D3-BF4B-00C04F79EFBC}") = "CountWorkingDays", "CountWorkingDays\CountWorkingDays.csproj", "{B6A94628-0177-41C6-94DD-E98929C6AE3F}"
EndProject
Project("{FAE04EC0-301F-11D3-BF4B-00C04F79EFBC}") = "AdvMessage", "AdvMessage\AdvMessage.csproj", "{2EAF853A-1086-4DB2-BEEE-02DC9C20C07D}"
EndProject
Project("{FAE04EC0-301F-11D3-BF4B-00C04F79EFBC}") = "IntrCircle", "IntrCircle\IntrCircle.csproj", "{DF6AE834-3686-4210-A1D3-5ACDB90A38A5}"
EndProject
Project("{FAE04EC0-301F-11D3-BF4B-00C04F79EFBC}") = "AvrGrades", "AvrGrades\AvrGrades.csproj", "{2774BB19-F1FD-4D92-8DB8-0836591C3BE2}"
EndProject
Project("{FAE04EC0-301F-11D3-BF4B-00C04F79EFBC}") = "Library", "Library\Library.csproj", "{0E3383F8-36C6-4960-B6CD-68B825A9F195}"
EndProject
Project("{FAE04EC0-301F-11D3-BF4B-00C04F79EFBC}") = "LibraryMod", "LibraryMod\LibraryMod.csproj", "{B2685A88-53E8-4EF2-85EC-4CADE36425C5}"
EndProject
Project("{FAE04EC0-301F-11D3-BF4B-00C04F79EFBC}") = "AndreyPool", "AndreyPool\AndreyPool.csproj", "{9598474C-54DA-4CCE-8163-1F7D6FC16A64}"
EndProject
Project("{FAE04EC0-301F-11D3-BF4B-00C04F79EFBC}") = "MentorGrp", "MentorGrp\MentorGrp.csproj", "{171BD6E1-A78B-4DBA-A51F-99BB76432A3F}"
EndProject
Project("{FAE04EC0-301F-11D3-BF4B-00C04F79EFBC}") = "TeamworkPj", "TeamworkPj\TeamworkPj.csproj", "{386C289A-1B2E-49DF-93CE-E6609CB05CB8}"
EndProject
Project("{FAE04EC0-301F-11D3-BF4B-00C04F79EFBC}") = "Groups", "Groups\Groups.csproj", "{DBF8BE16-1025-434B-836B-CCB57D1B6DB4}"
EndProject
Global
	GlobalSection(SolutionConfigurationPlatforms) = preSolution
		Debug|Any CPU = Debug|Any CPU
		Release|Any CPU = Release|Any CPU
	EndGlobalSection
	GlobalSection(ProjectConfigurationPlatforms) = postSolution
		{B6A94628-0177-41C6-94DD-E98929C6AE3F}.Debug|Any CPU.ActiveCfg = Debug|Any CPU
		{B6A94628-0177-41C6-94DD-E98929C6AE3F}.Debug|Any CPU.Build.0 = Debug|Any CPU
		{B6A94628-0177-41C6-94DD-E98929C6AE3F}.Release|Any CPU.ActiveCfg = Release|Any CPU
		{B6A94628-0177-41C6-94DD-E98929C6AE3F}.Release|Any CPU.Build.0 = Release|Any CPU
		{2EAF853A-1086-4DB2-BEEE-02DC9C20C07D}.Debug|Any CPU.ActiveCfg = Debug|Any CPU
		{2EAF853A-1086-4DB2-BEEE-02DC9C20C07D}.Debug|Any CPU.Build.0 = Debug|Any CPU
		{2EAF853A-1086-4DB2-BEEE-02DC9C20C07D}.Release|Any CPU.ActiveCfg = Release|Any CPU
		{2EAF853A-1086-4DB2-BEEE-02DC9C20C07D}.Release|Any CPU.Build.0 = Release|Any CPU
		{DF6AE834-3686-4210-A1D3-5ACDB90A38A5}.Debug|Any CPU.ActiveCfg = Debug|Any CPU
		{DF6AE834-3686-4210-A1D3-5ACDB90A38A5}.Debug|Any CPU.Build.0 = Debug|Any CPU
		{DF6AE834-3686-4210-A1D3-5ACDB90A38A5}.Release|Any CPU.ActiveCfg = Release|Any CPU
		{DF6AE834-3686-4210-A1D3-5ACDB90A38A5}.Release|Any CPU.Build.0 = Release|Any CPU
		{2774BB19-F1FD-4D92-8DB8-0836591C3BE2}.Debug|Any CPU.ActiveCfg = Debug|Any CPU
		{2774BB19-F1FD-4D92-8DB8-0836591C3BE2}.Debug|Any CPU.Build.0 = Debug|Any CPU
		{2774BB19-F1FD-4D92-8DB8-0836591C3BE2}.Release|Any CPU.ActiveCfg = Release|Any CPU
		{2774BB19-F1FD-4D92-8DB8-0836591C3BE2}.Release|Any CPU.Build.0 = Release|Any CPU
		{0E3383F8-36C6-4960-B6CD-68B825A9F195}.Debug|Any CPU.ActiveCfg = Debug|Any CPU
		{0E3383F8-36C6-4960-B6CD-68B825A9F195}.Debug|Any CPU.Build.0 = Debug|Any CPU
		{0E3383F8-36C6-4960-B6CD-68B825A9F195}.Release|Any CPU.ActiveCfg = Release|Any CPU
		{0E3383F8-36C6-4960-B6CD-68B825A9F195}.Release|Any CPU.Build.0 = Release|Any CPU
		{B2685A88-53E8-4EF2-85EC-4CADE36425C5}.Debug|Any CPU.ActiveCfg = Debug|Any CPU
		{B2685A88-53E8-4EF2-85EC-4CADE36425C5}.Debug|Any CPU.Build.0 = Debug|Any CPU
		{B2685A88-53E8-4EF2-85EC-4CADE36425C5}.Release|Any CPU.ActiveCfg = Release|Any CPU
		{B2685A88-53E8-4EF2-85EC-4CADE36425C5}.Release|Any CPU.Build.0 = Release|Any CPU
		{9598474C-54DA-4CCE-8163-1F7D6FC16A64}.Debug|Any CPU.ActiveCfg = Debug|Any CPU
		{9598474C-54DA-4CCE-8163-1F7D6FC16A64}.Debug|Any CPU.Build.0 = Debug|Any CPU
		{9598474C-54DA-4CCE-8163-1F7D6FC16A64}.Release|Any CPU.ActiveCfg = Release|Any CPU
		{9598474C-54DA-4CCE-8163-1F7D6FC16A64}.Release|Any CPU.Build.0 = Release|Any CPU
		{171BD6E1-A78B-4DBA-A51F-99BB76432A3F}.Debug|Any CPU.ActiveCfg = Debug|Any CPU
		{171BD6E1-A78B-4DBA-A51F-99BB76432A3F}.Debug|Any CPU.Build.0 = Debug|Any CPU
		{171BD6E1-A78B-4DBA-A51F-99BB76432A3F}.Release|Any CPU.ActiveCfg = Release|Any CPU
		{171BD6E1-A78B-4DBA-A51F-99BB76432A3F}.Release|Any CPU.Build.0 = Release|Any CPU
		{386C289A-1B2E-49DF-93CE-E6609CB05CB8}.Debug|Any CPU.ActiveCfg = Debug|Any CPU
		{386C289A-1B2E-49DF-93CE-E6609CB05CB8}.Debug|Any CPU.Build.0 = Debug|Any CPU
		{386C289A-1B2E-49DF-93CE-E6609CB05CB8}.Release|Any CPU.ActiveCfg = Release|Any CPU
		{386C289A-1B2E-49DF-93CE-E6609CB05CB8}.Release|Any CPU.Build.0 = Release|Any CPU
		{DBF8BE16-1025-434B-836B-CCB57D1B6DB4}.Debug|Any CPU.ActiveCfg = Debug|Any CPU
		{DBF8BE16-1025-434B-836B-CCB57D1B6DB4}.Debug|Any CPU.Build.0 = Debug|Any CPU
		{DBF8BE16-1025-434B-836B-CCB57D1B6DB4}.Release|Any CPU.ActiveCfg = Release|Any CPU
		{DBF8BE16-1025-434B-836B-CCB57D1B6DB4}.Release|Any CPU.Build.0 = Release|Any CPU
	EndGlobalSection
	GlobalSection(SolutionProperties) = preSolution
		HideSolutionNode = FALSE
	EndGlobalSection
EndGlobal
