
Microsoft Visual Studio Solution File, Format Version 12.00
# Visual Studio 14
VisualStudioVersion = 14.0.24720.0
MinimumVisualStudioVersion = 10.0.40219.1
Project("{FAE04EC0-301F-11D3-BF4B-00C04F79EFBC}") = "CharityMarathon", "CharityMarathon\CharityMarathon.csproj", "{B2584C86-1776-4411-B196-3079C98DF5FA}"
EndProject
Project("{FAE04EC0-301F-11D3-BF4B-00C04F79EFBC}") = "Ladybugs", "Ladybugs\Ladybugs.csproj", "{555F1E6E-3544-4166-B205-C188B19A5723}"
EndProject
Project("{FAE04EC0-301F-11D3-BF4B-00C04F79EFBC}") = "NetherRealms", "NetherRealms\NetherRealms.csproj", "{4469E72F-61F1-4550-BCDD-5DAF57E6EB77}"
EndProject
Global
	GlobalSection(SolutionConfigurationPlatforms) = preSolution
		Debug|Any CPU = Debug|Any CPU
		Release|Any CPU = Release|Any CPU
	EndGlobalSection
	GlobalSection(ProjectConfigurationPlatforms) = postSolution
		{B2584C86-1776-4411-B196-3079C98DF5FA}.Debug|Any CPU.ActiveCfg = Debug|Any CPU
		{B2584C86-1776-4411-B196-3079C98DF5FA}.Debug|Any CPU.Build.0 = Debug|Any CPU
		{B2584C86-1776-4411-B196-3079C98DF5FA}.Release|Any CPU.ActiveCfg = Release|Any CPU
		{B2584C86-1776-4411-B196-3079C98DF5FA}.Release|Any CPU.Build.0 = Release|Any CPU
		{555F1E6E-3544-4166-B205-C188B19A5723}.Debug|Any CPU.ActiveCfg = Debug|Any CPU
		{555F1E6E-3544-4166-B205-C188B19A5723}.Debug|Any CPU.Build.0 = Debug|Any CPU
		{555F1E6E-3544-4166-B205-C188B19A5723}.Release|Any CPU.ActiveCfg = Release|Any CPU
		{555F1E6E-3544-4166-B205-C188B19A5723}.Release|Any CPU.Build.0 = Release|Any CPU
		{4469E72F-61F1-4550-BCDD-5DAF57E6EB77}.Debug|Any CPU.ActiveCfg = Debug|Any CPU
		{4469E72F-61F1-4550-BCDD-5DAF57E6EB77}.Debug|Any CPU.Build.0 = Debug|Any CPU
		{4469E72F-61F1-4550-BCDD-5DAF57E6EB77}.Release|Any CPU.ActiveCfg = Release|Any CPU
		{4469E72F-61F1-4550-BCDD-5DAF57E6EB77}.Release|Any CPU.Build.0 = Release|Any CPU
	EndGlobalSection
	GlobalSection(SolutionProperties) = preSolution
		HideSolutionNode = FALSE
	EndGlobalSection
EndGlobal
