
Microsoft Visual Studio Solution File, Format Version 12.00
# Visual Studio 14
VisualStudioVersion = 14.0.24720.0
MinimumVisualStudioVersion = 10.0.40219.1
Project("{FAE04EC0-301F-11D3-BF4B-00C04F79EFBC}") = "HornetWings", "HornetWings\HornetWings.csproj", "{DA863055-3105-4AF2-9434-834EAD7F262A}"
EndProject
Project("{FAE04EC0-301F-11D3-BF4B-00C04F79EFBC}") = "HornetComm", "HornetComm\HornetComm.csproj", "{21710F9D-7515-4A86-A99B-60CC95488D1F}"
EndProject
Project("{FAE04EC0-301F-11D3-BF4B-00C04F79EFBC}") = "HornetAssault", "HornetAssault\HornetAssault.csproj", "{83224BC1-6869-48EC-985C-120CF2755841}"
EndProject
Project("{FAE04EC0-301F-11D3-BF4B-00C04F79EFBC}") = "HornetArmada", "HornetArmada\HornetArmada.csproj", "{54DD9071-8137-4429-9233-8CB23B3047E5}"
EndProject
Global
	GlobalSection(SolutionConfigurationPlatforms) = preSolution
		Debug|Any CPU = Debug|Any CPU
		Release|Any CPU = Release|Any CPU
	EndGlobalSection
	GlobalSection(ProjectConfigurationPlatforms) = postSolution
		{DA863055-3105-4AF2-9434-834EAD7F262A}.Debug|Any CPU.ActiveCfg = Debug|Any CPU
		{DA863055-3105-4AF2-9434-834EAD7F262A}.Debug|Any CPU.Build.0 = Debug|Any CPU
		{DA863055-3105-4AF2-9434-834EAD7F262A}.Release|Any CPU.ActiveCfg = Release|Any CPU
		{DA863055-3105-4AF2-9434-834EAD7F262A}.Release|Any CPU.Build.0 = Release|Any CPU
		{21710F9D-7515-4A86-A99B-60CC95488D1F}.Debug|Any CPU.ActiveCfg = Debug|Any CPU
		{21710F9D-7515-4A86-A99B-60CC95488D1F}.Debug|Any CPU.Build.0 = Debug|Any CPU
		{21710F9D-7515-4A86-A99B-60CC95488D1F}.Release|Any CPU.ActiveCfg = Release|Any CPU
		{21710F9D-7515-4A86-A99B-60CC95488D1F}.Release|Any CPU.Build.0 = Release|Any CPU
		{83224BC1-6869-48EC-985C-120CF2755841}.Debug|Any CPU.ActiveCfg = Debug|Any CPU
		{83224BC1-6869-48EC-985C-120CF2755841}.Debug|Any CPU.Build.0 = Debug|Any CPU
		{83224BC1-6869-48EC-985C-120CF2755841}.Release|Any CPU.ActiveCfg = Release|Any CPU
		{83224BC1-6869-48EC-985C-120CF2755841}.Release|Any CPU.Build.0 = Release|Any CPU
		{54DD9071-8137-4429-9233-8CB23B3047E5}.Debug|Any CPU.ActiveCfg = Debug|Any CPU
		{54DD9071-8137-4429-9233-8CB23B3047E5}.Debug|Any CPU.Build.0 = Debug|Any CPU
		{54DD9071-8137-4429-9233-8CB23B3047E5}.Release|Any CPU.ActiveCfg = Release|Any CPU
		{54DD9071-8137-4429-9233-8CB23B3047E5}.Release|Any CPU.Build.0 = Release|Any CPU
	EndGlobalSection
	GlobalSection(SolutionProperties) = preSolution
		HideSolutionNode = FALSE
	EndGlobalSection
EndGlobal
