
Microsoft Visual Studio Solution File, Format Version 12.00
# Visual Studio 14
VisualStudioVersion = 14.0.24720.0
MinimumVisualStudioVersion = 10.0.40219.1
Project("{FAE04EC0-301F-11D3-BF4B-00C04F79EFBC}") = "HelloCSharp", "HelloCSharp\HelloCSharp.csproj", "{AF76595F-80C5-40A8-A3A1-7067B1270C4A}"
EndProject
Project("{FAE04EC0-301F-11D3-BF4B-00C04F79EFBC}") = "Expression", "Expression\Expression.csproj", "{A04DC5A4-37A8-4484-B2A2-BC7C461C9D01}"
EndProject
Project("{FAE04EC0-301F-11D3-BF4B-00C04F79EFBC}") = "Nums1to20", "Nums1to20\Nums1to20.csproj", "{1A3ACD8E-7C02-4DB3-A6E0-3A0171554CBD}"
EndProject
Project("{FAE04EC0-301F-11D3-BF4B-00C04F79EFBC}") = "TriangleOfStars", "TriangleOfStars\TriangleOfStars.csproj", "{0C3EDEFA-81B8-402C-93C7-BE70607F87B1}"
EndProject
Project("{FAE04EC0-301F-11D3-BF4B-00C04F79EFBC}") = "RectangleArea", "RectangleArea\RectangleArea.csproj", "{0B23497D-0873-41B9-A7A2-E7732DA286DE}"
EndProject
Project("{FAE04EC0-301F-11D3-BF4B-00C04F79EFBC}") = "SquareOfStars", "SquareOfStars\SquareOfStars.csproj", "{E58ED65C-CDA5-4070-B4E7-0BFCA46F817E}"
EndProject
Global
	GlobalSection(SolutionConfigurationPlatforms) = preSolution
		Debug|Any CPU = Debug|Any CPU
		Release|Any CPU = Release|Any CPU
	EndGlobalSection
	GlobalSection(ProjectConfigurationPlatforms) = postSolution
		{AF76595F-80C5-40A8-A3A1-7067B1270C4A}.Debug|Any CPU.ActiveCfg = Debug|Any CPU
		{AF76595F-80C5-40A8-A3A1-7067B1270C4A}.Debug|Any CPU.Build.0 = Debug|Any CPU
		{AF76595F-80C5-40A8-A3A1-7067B1270C4A}.Release|Any CPU.ActiveCfg = Release|Any CPU
		{AF76595F-80C5-40A8-A3A1-7067B1270C4A}.Release|Any CPU.Build.0 = Release|Any CPU
		{A04DC5A4-37A8-4484-B2A2-BC7C461C9D01}.Debug|Any CPU.ActiveCfg = Debug|Any CPU
		{A04DC5A4-37A8-4484-B2A2-BC7C461C9D01}.Debug|Any CPU.Build.0 = Debug|Any CPU
		{A04DC5A4-37A8-4484-B2A2-BC7C461C9D01}.Release|Any CPU.ActiveCfg = Release|Any CPU
		{A04DC5A4-37A8-4484-B2A2-BC7C461C9D01}.Release|Any CPU.Build.0 = Release|Any CPU
		{1A3ACD8E-7C02-4DB3-A6E0-3A0171554CBD}.Debug|Any CPU.ActiveCfg = Debug|Any CPU
		{1A3ACD8E-7C02-4DB3-A6E0-3A0171554CBD}.Debug|Any CPU.Build.0 = Debug|Any CPU
		{1A3ACD8E-7C02-4DB3-A6E0-3A0171554CBD}.Release|Any CPU.ActiveCfg = Release|Any CPU
		{1A3ACD8E-7C02-4DB3-A6E0-3A0171554CBD}.Release|Any CPU.Build.0 = Release|Any CPU
		{0C3EDEFA-81B8-402C-93C7-BE70607F87B1}.Debug|Any CPU.ActiveCfg = Debug|Any CPU
		{0C3EDEFA-81B8-402C-93C7-BE70607F87B1}.Debug|Any CPU.Build.0 = Debug|Any CPU
		{0C3EDEFA-81B8-402C-93C7-BE70607F87B1}.Release|Any CPU.ActiveCfg = Release|Any CPU
		{0C3EDEFA-81B8-402C-93C7-BE70607F87B1}.Release|Any CPU.Build.0 = Release|Any CPU
		{0B23497D-0873-41B9-A7A2-E7732DA286DE}.Debug|Any CPU.ActiveCfg = Debug|Any CPU
		{0B23497D-0873-41B9-A7A2-E7732DA286DE}.Debug|Any CPU.Build.0 = Debug|Any CPU
		{0B23497D-0873-41B9-A7A2-E7732DA286DE}.Release|Any CPU.ActiveCfg = Release|Any CPU
		{0B23497D-0873-41B9-A7A2-E7732DA286DE}.Release|Any CPU.Build.0 = Release|Any CPU
		{E58ED65C-CDA5-4070-B4E7-0BFCA46F817E}.Debug|Any CPU.ActiveCfg = Debug|Any CPU
		{E58ED65C-CDA5-4070-B4E7-0BFCA46F817E}.Debug|Any CPU.Build.0 = Debug|Any CPU
		{E58ED65C-CDA5-4070-B4E7-0BFCA46F817E}.Release|Any CPU.ActiveCfg = Release|Any CPU
		{E58ED65C-CDA5-4070-B4E7-0BFCA46F817E}.Release|Any CPU.Build.0 = Release|Any CPU
	EndGlobalSection
	GlobalSection(SolutionProperties) = preSolution
		HideSolutionNode = FALSE
	EndGlobalSection
EndGlobal
